dependencies:
- name: cf-cardano-node
  repository: file://../cf-cardano-node
  version: 0.1.0
- name: cf-ogmios
  repository: file://../cf-ogmios
  version: 0.1.0
- name: cf-kupo
  repository: file://../cf-kupo
  version: 0.1.0
- name: yaci-store
  repository: file://charts/yaci-store
  version: 0.1.0
- name: gateway
  repository: file://charts/gateway
  version: 0.1.0
- name: hermes
  repository: file://charts/hermes
  version: 0.1.0
- name: dapps
  repository: file://charts/dapps
  version: 0.1.0
digest: sha256:aa467bdae52bdaed7f15304ef0ceb3f73ba555e7b30f307d01b1a6c76de0ee5a
generated: "2026-07-22T22:12:46.039605+02:00"
